
Microsoft Visual Studio Solution File, Format Version 12.00
# Visual Studio Version 16
VisualStudioVersion = 16.0.29519.181
MinimumVisualStudioVersion = 10.0.40219.1
Project("{9A19103F-16F7-4668-BE54-9A1E7A4F7556}") = "ReactVR_UnitTesting", "ReactVR_UnitTesting\ReactVR_UnitTesting.csproj", "{E1588858-A809-484B-9776-E74CCB1B1C73}"
EndProject
Project("{9A19103F-16F7-4668-BE54-9A1E7A4F7556}") = "ReactVR_API", "ReactVR_API\ReactVR_API.csproj", "{93F8FC9D-4572-4008-8ADB-EF8E746A5C79}"
EndProject
Project("{9A19103F-16F7-4668-BE54-9A1E7A4F7556}") = "ClassLibrary1", "ClassLibrary1\ClassLibrary1.csproj", "{7A1276D5-E15B-474C-97AA-96F2991B3EF0}"
EndProject
Global
	GlobalSection(SolutionConfigurationPlatforms) = preSolution
		Debug|Any CPU = Debug|Any CPU
		Release|Any CPU = Release|Any CPU
	EndGlobalSection
	GlobalSection(ProjectConfigurationPlatforms) = postSolution
		{E1588858-A809-484B-9776-E74CCB1B1C73}.Debug|Any CPU.ActiveCfg = Debug|Any CPU
		{E1588858-A809-484B-9776-E74CCB1B1C73}.Debug|Any CPU.Build.0 = Debug|Any CPU
		{E1588858-A809-484B-9776-E74CCB1B1C73}.Release|Any CPU.ActiveCfg = Release|Any CPU
		{E1588858-A809-484B-9776-E74CCB1B1C73}.Release|Any CPU.Build.0 = Release|Any CPU
		{93F8FC9D-4572-4008-8ADB-EF8E746A5C79}.Debug|Any CPU.ActiveCfg = Debug|Any CPU
		{93F8FC9D-4572-4008-8ADB-EF8E746A5C79}.Debug|Any CPU.Build.0 = Debug|Any CPU
		{93F8FC9D-4572-4008-8ADB-EF8E746A5C79}.Release|Any CPU.ActiveCfg = Release|Any CPU
		{93F8FC9D-4572-4008-8ADB-EF8E746A5C79}.Release|Any CPU.Build.0 = Release|Any CPU
		{7A1276D5-E15B-474C-97AA-96F2991B3EF0}.Debug|Any CPU.ActiveCfg = Debug|Any CPU
		{7A1276D5-E15B-474C-97AA-96F2991B3EF0}.Debug|Any CPU.Build.0 = Debug|Any CPU
		{7A1276D5-E15B-474C-97AA-96F2991B3EF0}.Release|Any CPU.ActiveCfg = Release|Any CPU
		{7A1276D5-E15B-474C-97AA-96F2991B3EF0}.Release|Any CPU.Build.0 = Release|Any CPU
	EndGlobalSection
	GlobalSection(SolutionProperties) = preSolution
		HideSolutionNode = FALSE
	EndGlobalSection
	GlobalSection(ExtensibilityGlobals) = postSolution
		SolutionGuid = {1F29C5F1-5AF8-4DA3-923E-2B5AA76472F4}
	EndGlobalSection
EndGlobal
