
Microsoft Visual Studio Solution File, Format Version 12.00
# Visual Studio Version 16
VisualStudioVersion = 16.0.29728.190
MinimumVisualStudioVersion = 10.0.40219.1
Project("{FAE04EC0-301F-11D3-BF4B-00C04F79EFBC}") = "ReactVR_API.Core", "ReactVR_API.Core\ReactVR_API.Core.csproj", "{8EE4A762-764C-4DE9-95DC-44C97D464A20}"
EndProject
Project("{FAE04EC0-301F-11D3-BF4B-00C04F79EFBC}") = "ReactVR_API.Common", "ReactVR_API.Common\ReactVR_API.Common.csproj", "{A1D718CC-03E1-4F97-BAFE-3FF50DA9C0E9}"
EndProject
Project("{FAE04EC0-301F-11D3-BF4B-00C04F79EFBC}") = "ReactVR_API.UnitTesting", "ReactVR_API.UnitTesting\ReactVR_API.UnitTesting.csproj", "{F97CA635-A6D5-4C49-B265-826C8E8317C1}"
EndProject
Global
	GlobalSection(SolutionConfigurationPlatforms) = preSolution
		Debug|Any CPU = Debug|Any CPU
		Release|Any CPU = Release|Any CPU
	EndGlobalSection
	GlobalSection(ProjectConfigurationPlatforms) = postSolution
		{8EE4A762-764C-4DE9-95DC-44C97D464A20}.Debug|Any CPU.ActiveCfg = Debug|Any CPU
		{8EE4A762-764C-4DE9-95DC-44C97D464A20}.Debug|Any CPU.Build.0 = Debug|Any CPU
		{8EE4A762-764C-4DE9-95DC-44C97D464A20}.Release|Any CPU.ActiveCfg = Release|Any CPU
		{8EE4A762-764C-4DE9-95DC-44C97D464A20}.Release|Any CPU.Build.0 = Release|Any CPU
		{A1D718CC-03E1-4F97-BAFE-3FF50DA9C0E9}.Debug|Any CPU.ActiveCfg = Debug|Any CPU
		{A1D718CC-03E1-4F97-BAFE-3FF50DA9C0E9}.Debug|Any CPU.Build.0 = Debug|Any CPU
		{A1D718CC-03E1-4F97-BAFE-3FF50DA9C0E9}.Release|Any CPU.ActiveCfg = Release|Any CPU
		{A1D718CC-03E1-4F97-BAFE-3FF50DA9C0E9}.Release|Any CPU.Build.0 = Release|Any CPU
		{F97CA635-A6D5-4C49-B265-826C8E8317C1}.Debug|Any CPU.ActiveCfg = Debug|Any CPU
		{F97CA635-A6D5-4C49-B265-826C8E8317C1}.Debug|Any CPU.Build.0 = Debug|Any CPU
		{F97CA635-A6D5-4C49-B265-826C8E8317C1}.Release|Any CPU.ActiveCfg = Release|Any CPU
		{F97CA635-A6D5-4C49-B265-826C8E8317C1}.Release|Any CPU.Build.0 = Release|Any CPU
	EndGlobalSection
	GlobalSection(SolutionProperties) = preSolution
		HideSolutionNode = FALSE
	EndGlobalSection
	GlobalSection(ExtensibilityGlobals) = postSolution
		SolutionGuid = {826069BD-2194-426B-A645-E1B6D7791176}
	EndGlobalSection
EndGlobal
